// !$*UTF8*$!
{
	archiveVersion = 1;
	classes = {
	};
	objectVersion = 55;
	objects = {

/* Begin PBXBuildFile section */
		6A84DA2E28B89D0D005F6D88 /* AppDelegate.swift in Sources */ = {isa = PBXBuildFile; fileRef = 6A84DA2D28B89D0D005F6D88 /* AppDelegate.swift */; };
		6A84DA3028B89D0D005F6D88 /* SceneDelegate.swift in Sources */ = {isa = PBXBuildFile; fileRef = 6A84DA2F28B89D0D005F6D88 /* SceneDelegate.swift */; };
		6A84DA3228B89D0D005F6D88 /* WelcomeVC.swift in Sources */ = {isa = PBXBuildFile; fileRef = 6A84DA3128B89D0D005F6D88 /* WelcomeVC.swift */; };
		6A84DA3528B89D0D005F6D88 /* Main.storyboard in Resources */ = {isa = PBXBuildFile; fileRef = 6A84DA3328B89D0D005F6D88 /* Main.storyboard */; };
		6A84DA3728B89D0E005F6D88 /* Assets.xcassets in Resources */ = {isa = PBXBuildFile; fileRef = 6A84DA3628B89D0E005F6D88 /* Assets.xcassets */; };
		6A84DA3A28B89D0E005F6D88 /* LaunchScreen.storyboard in Resources */ = {isa = PBXBuildFile; fileRef = 6A84DA3828B89D0E005F6D88 /* LaunchScreen.storyboard */; };
		6A84DA4528B89D0E005F6D88 /* Soosh_AppTests.swift in Sources */ = {isa = PBXBuildFile; fileRef = 6A84DA4428B89D0E005F6D88 /* Soosh_AppTests.swift */; };
		6A84DA4F28B89D0E005F6D88 /* Soosh_AppUITests.swift in Sources */ = {isa = PBXBuildFile; fileRef = 6A84DA4E28B89D0E005F6D88 /* Soosh_AppUITests.swift */; };
		6A84DA5128B89D0E005F6D88 /* Soosh_AppUITestsLaunchTests.swift in Sources */ = {isa = PBXBuildFile; fileRef = 6A84DA5028B89D0E005F6D88 /* Soosh_AppUITestsLaunchTests.swift */; };
		6A84DA6128B8BDA3005F6D88 /* BorderButtom.swift in Sources */ = {isa = PBXBuildFile; fileRef = 6A84DA6028B8BDA3005F6D88 /* BorderButtom.swift */; };
		6ADCE3F028BC8F7A004A75EC /* SkillVC.swift in Sources */ = {isa = PBXBuildFile; fileRef = 6ADCE3EF28BC8F7A004A75EC /* SkillVC.swift */; };
		6ADCE3F228BC8F91004A75EC /* LeagueVC.swift in Sources */ = {isa = PBXBuildFile; fileRef = 6ADCE3F128BC8F91004A75EC /* LeagueVC.swift */; };
		6ADCE3F428BCA056004A75EC /* PlayerType.swift in Sources */ = {isa = PBXBuildFile; fileRef = 6ADCE3F328BCA056004A75EC /* PlayerType.swift */; };
/* End PBXBuildFile section */

/* Begin PBXContainerItemProxy section */
		6A84DA4128B89D0E005F6D88 /* PBXContainerItemProxy */ = {
			isa = PBXContainerItemProxy;
			containerPortal = 6A84DA2228B89D0D005F6D88 /* Project object */;
			proxyType = 1;
			remoteGlobalIDString = 6A84DA2928B89D0D005F6D88;
			remoteInfo = "Soosh App";
		};
		6A84DA4B28B89D0E005F6D88 /* PBXContainerItemProxy */ = {
			isa = PBXContainerItemProxy;
			containerPortal = 6A84DA2228B89D0D005F6D88 /* Project object */;
			proxyType = 1;
			remoteGlobalIDString = 6A84DA2928B89D0D005F6D88;
			remoteInfo = "Soosh App";
		};
/* End PBXContainerItemProxy section */

/* Begin PBXFileReference section */
		6A84DA2A28B89D0D005F6D88 /* Soosh App.app */ = {isa = PBXFileReference; explicitFileType = wrapper.application; includeInIndex = 0; path = "Soosh App.app"; sourceTree = BUILT_PRODUCTS_DIR; };
		6A84DA2D28B89D0D005F6D88 /* AppDelegate.swift */ = {isa = PBXFileReference; lastKnownFileType = sourcecode.swift; path = AppDelegate.swift; sourceTree = "<group>"; };
		6A84DA2F28B89D0D005F6D88 /* SceneDelegate.swift */ = {isa = PBXFileReference; lastKnownFileType = sourcecode.swift; path = SceneDelegate.swift; sourceTree = "<group>"; };
		6A84DA3128B89D0D005F6D88 /* WelcomeVC.swift */ = {isa = PBXFileReference; lastKnownFileType = sourcecode.swift; path = WelcomeVC.swift; sourceTree = "<group>"; };
		6A84DA3428B89D0D005F6D88 /* Base */ = {isa = PBXFileReference; lastKnownFileType = file.storyboard; name = Base; path = Base.lproj/Main.storyboard; sourceTree = "<group>"; };
		6A84DA3628B89D0E005F6D88 /* Assets.xcassets */ = {isa = PBXFileReference; lastKnownFileType = folder.assetcatalog; path = Assets.xcassets; sourceTree = "<group>"; };
		6A84DA3928B89D0E005F6D88 /* Base */ = {isa = PBXFileReference; lastKnownFileType = file.storyboard; name = Base; path = Base.lproj/LaunchScreen.storyboard; sourceTree = "<group>"; };
		6A84DA3B28B89D0E005F6D88 /* Info.plist */ = {isa = PBXFileReference; lastKnownFileType = text.plist.xml; path = Info.plist; sourceTree = "<group>"; };
		6A84DA4028B89D0E005F6D88 /* Soosh AppTests.xctest */ = {isa = PBXFileReference; explicitFileType = wrapper.cfbundle; includeInIndex = 0; path = "Soosh AppTests.xctest"; sourceTree = BUILT_PRODUCTS_DIR; };
		6A84DA4428B89D0E005F6D88 /* Soosh_AppTests.swift */ = {isa = PBXFileReference; lastKnownFileType = sourcecode.swift; path = Soosh_AppTests.swift; sourceTree = "<group>"; };
		6A84DA4A28B89D0E005F6D88 /* Soosh AppUITests.xctest */ = {isa = PBXFileReference; explicitFileType = wrapper.cfbundle; includeInIndex = 0; path = "Soosh AppUITests.xctest"; sourceTree = BUILT_PRODUCTS_DIR; };
		6A84DA4E28B89D0E005F6D88 /* Soosh_AppUITests.swift */ = {isa = PBXFileReference; lastKnownFileType = sourcecode.swift; path = Soosh_AppUITests.swift; sourceTree = "<group>"; };
		6A84DA5028B89D0E005F6D88 /* Soosh_AppUITestsLaunchTests.swift */ = {isa = PBXFileReference; lastKnownFileType = sourcecode.swift; path = Soosh_AppUITestsLaunchTests.swift; sourceTree = "<group>"; };
		6A84DA6028B8BDA3005F6D88 /* BorderButtom.swift */ = {isa = PBXFileReference; lastKnownFileType = sourcecode.swift; path = BorderButtom.swift; sourceTree = "<group>"; };
		6ADCE3EF28BC8F7A004A75EC /* SkillVC.swift */ = {isa = PBXFileReference; lastKnownFileType = sourcecode.swift; path = SkillVC.swift; sourceTree = "<group>"; };
		6ADCE3F128BC8F91004A75EC /* LeagueVC.swift */ = {isa = PBXFileReference; lastKnownFileType = sourcecode.swift; path = LeagueVC.swift; sourceTree = "<group>"; };
		6ADCE3F328BCA056004A75EC /* PlayerType.swift */ = {isa = PBXFileReference; lastKnownFileType = sourcecode.swift; path = PlayerType.swift; sourceTree = "<group>"; };
/* End PBXFileReference section */

/* Begin PBXFrameworksBuildPhase section */
		6A84DA2728B89D0D005F6D88 /* Frameworks */ = {
			isa = PBXFrameworksBuildPhase;
			buildActionMask = 2147483647;
			files = (
			);
			runOnlyForDeploymentPostprocessing = 0;
		};
		6A84DA3D28B89D0E005F6D88 /* Frameworks */ = {
			isa = PBXFrameworksBuildPhase;
			buildActionMask = 2147483647;
			files = (
			);
			runOnlyForDeploymentPostprocessing = 0;
		};
		6A84DA4728B89D0E005F6D88 /* Frameworks */ = {
			isa = PBXFrameworksBuildPhase;
			buildActionMask = 2147483647;
			files = (
			);
			runOnlyForDeploymentPostprocessing = 0;
		};
/* End PBXFrameworksBuildPhase section */

/* Begin PBXGroup section */
		6A84DA2128B89D0D005F6D88 = {
			isa = PBXGroup;
			children = (
				6A84DA2C28B89D0D005F6D88 /* Soosh App */,
				6A84DA4328B89D0E005F6D88 /* Soosh AppTests */,
				6A84DA4D28B89D0E005F6D88 /* Soosh AppUITests */,
				6A84DA2B28B89D0D005F6D88 /* Products */,
			);
			sourceTree = "<group>";
		};
		6A84DA2B28B89D0D005F6D88 /* Products */ = {
			isa = PBXGroup;
			children = (
				6A84DA2A28B89D0D005F6D88 /* Soosh App.app */,
				6A84DA4028B89D0E005F6D88 /* Soosh AppTests.xctest */,
				6A84DA4A28B89D0E005F6D88 /* Soosh AppUITests.xctest */,
			);
			name = Products;
			sourceTree = "<group>";
		};
		6A84DA2C28B89D0D005F6D88 /* Soosh App */ = {
			isa = PBXGroup;
			children = (
				6ADCE3E828BC8C72004A75EC /* Model */,
				6A84DA5D28B8BC8A005F6D88 /* Views */,
				6ADCE3EE28BC8CAC004A75EC /* Controller */,
				6A84DA2D28B89D0D005F6D88 /* AppDelegate.swift */,
				6A84DA2F28B89D0D005F6D88 /* SceneDelegate.swift */,
				6A84DA3328B89D0D005F6D88 /* Main.storyboard */,
				6A84DA3628B89D0E005F6D88 /* Assets.xcassets */,
				6A84DA3828B89D0E005F6D88 /* LaunchScreen.storyboard */,
				6A84DA3B28B89D0E005F6D88 /* Info.plist */,
			);
			path = "Soosh App";
			sourceTree = "<group>";
		};
		6A84DA4328B89D0E005F6D88 /* Soosh AppTests */ = {
			isa = PBXGroup;
			children = (
				6A84DA4428B89D0E005F6D88 /* Soosh_AppTests.swift */,
			);
			path = "Soosh AppTests";
			sourceTree = "<group>";
		};
		6A84DA4D28B89D0E005F6D88 /* Soosh AppUITests */ = {
			isa = PBXGroup;
			children = (
				6A84DA4E28B89D0E005F6D88 /* Soosh_AppUITests.swift */,
				6A84DA5028B89D0E005F6D88 /* Soosh_AppUITestsLaunchTests.swift */,
			);
			path = "Soosh AppUITests";
			sourceTree = "<group>";
		};
		6A84DA5D28B8BC8A005F6D88 /* Views */ = {
			isa = PBXGroup;
			children = (
				6A84DA6028B8BDA3005F6D88 /* BorderButtom.swift */,
			);
			path = Views;
			sourceTree = "<group>";
		};
		6ADCE3E828BC8C72004A75EC /* Model */ = {
			isa = PBXGroup;
			children = (
				6ADCE3F328BCA056004A75EC /* PlayerType.swift */,
			);
			path = Model;
			sourceTree = "<group>";
		};
		6ADCE3EE28BC8CAC004A75EC /* Controller */ = {
			isa = PBXGroup;
			children = (
				6A84DA3128B89D0D005F6D88 /* WelcomeVC.swift */,
				6ADCE3EF28BC8F7A004A75EC /* SkillVC.swift */,
				6ADCE3F128BC8F91004A75EC /* LeagueVC.swift */,
			);
			path = Controller;
			sourceTree = "<group>";
		};
/* End PBXGroup section */

/* Begin PBXNativeTarget section */
		6A84DA2928B89D0D005F6D88 /* Soosh App */ = {
			isa = PBXNativeTarget;
			buildConfigurationList = 6A84DA5428B89D0E005F6D88 /* Build configuration list for PBXNativeTarget "Soosh App" */;
			buildPhases = (
				6A84DA2628B89D0D005F6D88 /* Sources */,
				6A84DA2728B89D0D005F6D88 /* Frameworks */,
				6A84DA2828B89D0D005F6D88 /* Resources */,
			);
			buildRules = (
			);
			dependencies = (
			);
			name = "Soosh App";
			productName = "Soosh App";
			productReference = 6A84DA2A28B89D0D005F6D88 /* Soosh App.app */;
			productType = "com.apple.product-type.application";
		};
		6A84DA3F28B89D0E005F6D88 /* Soosh AppTests */ = {
			isa = PBXNativeTarget;
			buildConfigurationList = 6A84DA5728B89D0E005F6D88 /* Build configuration list for PBXNativeTarget "Soosh AppTests" */;
			buildPhases = (
				6A84DA3C28B89D0E005F6D88 /* Sources */,
				6A84DA3D28B89D0E005F6D88 /* Frameworks */,
				6A84DA3E28B89D0E005F6D88 /* Resources */,
			);
			buildRules = (
			);
			dependencies = (
				6A84DA4228B89D0E005F6D88 /* PBXTargetDependency */,
			);
			name = "Soosh AppTests";
			productName = "Soosh AppTests";
			productReference = 6A84DA4028B89D0E005F6D88 /* Soosh AppTests.xctest */;
			productType = "com.apple.product-type.bundle.unit-test";
		};
		6A84DA4928B89D0E005F6D88 /* Soosh AppUITests */ = {
			isa = PBXNativeTarget;
			buildConfigurationList = 6A84DA5A28B89D0E005F6D88 /* Build configuration list for PBXNativeTarget "Soosh AppUITests" */;
			buildPhases = (
				6A84DA4628B89D0E005F6D88 /* Sources */,
				6A84DA4728B89D0E005F6D88 /* Frameworks */,
				6A84DA4828B89D0E005F6D88 /* Resources */,
			);
			buildRules = (
			);
			dependencies = (
				6A84DA4C28B89D0E005F6D88 /* PBXTargetDependency */,
			);
			name = "Soosh AppUITests";
			productName = "Soosh AppUITests";
			productReference = 6A84DA4A28B89D0E005F6D88 /* Soosh AppUITests.xctest */;
			productType = "com.apple.product-type.bundle.ui-testing";
		};
/* End PBXNativeTarget section */

/* Begin PBXProject section */
		6A84DA2228B89D0D005F6D88 /* Project object */ = {
			isa = PBXProject;
			attributes = {
				BuildIndependentTargetsInParallel = 1;
				LastSwiftUpdateCheck = 1340;
				LastUpgradeCheck = 1340;
				TargetAttributes = {
					6A84DA2928B89D0D005F6D88 = {
						CreatedOnToolsVersion = 13.4.1;
					};
					6A84DA3F28B89D0E005F6D88 = {
						CreatedOnToolsVersion = 13.4.1;
						TestTargetID = 6A84DA2928B89D0D005F6D88;
					};
					6A84DA4928B89D0E005F6D88 = {
						CreatedOnToolsVersion = 13.4.1;
						TestTargetID = 6A84DA2928B89D0D005F6D88;
					};
				};
			};
			buildConfigurationList = 6A84DA2528B89D0D005F6D88 /* Build configuration list for PBXProject "Soosh App" */;
			compatibilityVersion = "Xcode 13.0";
			developmentRegion = en;
			hasScannedForEncodings = 0;
			knownRegions = (
				en,
				Base,
			);
			mainGroup = 6A84DA2128B89D0D005F6D88;
			productRefGroup = 6A84DA2B28B89D0D005F6D88 /* Products */;
			projectDirPath = "";
			projectRoot = "";
			targets = (
				6A84DA2928B89D0D005F6D88 /* Soosh App */,
				6A84DA3F28B89D0E005F6D88 /* Soosh AppTests */,
				6A84DA4928B89D0E005F6D88 /* Soosh AppUITests */,
			);
		};
/* End PBXProject section */

/* Begin PBXResourcesBuildPhase section */
		6A84DA2828B89D0D005F6D88 /* Resources */ = {
			isa = PBXResourcesBuildPhase;
			buildActionMask = 2147483647;
			files = (
				6A84DA3A28B89D0E005F6D88 /* LaunchScreen.storyboard in Resources */,
				6A84DA3728B89D0E005F6D88 /* Assets.xcassets in Resources */,
				6A84DA3528B89D0D005F6D88 /* Main.storyboard in Resources */,
			);
			runOnlyForDeploymentPostprocessing = 0;
		};
		6A84DA3E28B89D0E005F6D88 /* Resources */ = {
			isa = PBXResourcesBuildPhase;
			buildActionMask = 2147483647;
			files = (
			);
			runOnlyForDeploymentPostprocessing = 0;
		};
		6A84DA4828B89D0E005F6D88 /* Resources */ = {
			isa = PBXResourcesBuildPhase;
			buildActionMask = 2147483647;
			files = (
			);
			runOnlyForDeploymentPostprocessing = 0;
		};
/* End PBXResourcesBuildPhase section */

/* Begin PBXSourcesBuildPhase section */
		6A84DA2628B89D0D005F6D88 /* Sources */ = {
			isa = PBXSourcesBuildPhase;
			buildActionMask = 2147483647;
			files = (
				6A84DA3228B89D0D005F6D88 /* WelcomeVC.swift in Sources */,
				6A84DA2E28B89D0D005F6D88 /* AppDelegate.swift in Sources */,
				6ADCE3F428BCA056004A75EC /* PlayerType.swift in Sources */,
				6A84DA6128B8BDA3005F6D88 /* BorderButtom.swift in Sources */,
				6ADCE3F028BC8F7A004A75EC /* SkillVC.swift in Sources */,
				6A84DA3028B89D0D005F6D88 /* SceneDelegate.swift in Sources */,
				6ADCE3F228BC8F91004A75EC /* LeagueVC.swift in Sources */,
			);
			runOnlyForDeploymentPostprocessing = 0;
		};
		6A84DA3C28B89D0E005F6D88 /* Sources */ = {
			isa = PBXSourcesBuildPhase;
			buildActionMask = 2147483647;
			files = (
				6A84DA4528B89D0E005F6D88 /* Soosh_AppTests.swift in Sources */,
			);
			runOnlyForDeploymentPostprocessing = 0;
		};
		6A84DA4628B89D0E005F6D88 /* Sources */ = {
			isa = PBXSourcesBuildPhase;
			buildActionMask = 2147483647;
			files = (
				6A84DA4F28B89D0E005F6D88 /* Soosh_AppUITests.swift in Sources */,
				6A84DA5128B89D0E005F6D88 /* Soosh_AppUITestsLaunchTests.swift in Sources */,
			);
			runOnlyForDeploymentPostprocessing = 0;
		};
/* End PBXSourcesBuildPhase section */

/* Begin PBXTargetDependency section */
		6A84DA4228B89D0E005F6D88 /* PBXTargetDependency */ = {
			isa = PBXTargetDependency;
			target = 6A84DA2928B89D0D005F6D88 /* Soosh App */;
			targetProxy = 6A84DA4128B89D0E005F6D88 /* PBXContainerItemProxy */;
		};
		6A84DA4C28B89D0E005F6D88 /* PBXTargetDependency */ = {
			isa = PBXTargetDependency;
			target = 6A84DA2928B89D0D005F6D88 /* Soosh App */;
			targetProxy = 6A84DA4B28B89D0E005F6D88 /* PBXContainerItemProxy */;
		};
/* End PBXTargetDependency section */

/* Begin PBXVariantGroup section */
		6A84DA3328B89D0D005F6D88 /* Main.storyboard */ = {
			isa = PBXVariantGroup;
			children = (
				6A84DA3428B89D0D005F6D88 /* Base */,
			);
			name = Main.storyboard;
			sourceTree = "<group>";
		};
		6A84DA3828B89D0E005F6D88 /* LaunchScreen.storyboard */ = {
			isa = PBXVariantGroup;
			children = (
				6A84DA3928B89D0E005F6D88 /* Base */,
			);
			name = LaunchScreen.storyboard;
			sourceTree = "<group>";
		};
/* End PBXVariantGroup section */

/* Begin XCBuildConfiguration section */
		6A84DA5228B89D0E005F6D88 /* Debug */ = {
			isa = XCBuildConfiguration;
			buildSettings = {
				ALWAYS_SEARCH_USER_PATHS = NO;
				CLANG_ANALYZER_NONNULL = YES;
				CLANG_ANALYZER_NUMBER_OBJECT_CONVERSION = YES_AGGRESSIVE;
				CLANG_CXX_LANGUAGE_STANDARD = "gnu++17";
				CLANG_ENABLE_MODULES = YES;
				CLANG_ENABLE_OBJC_ARC = YES;
				CLANG_ENABLE_OBJC_WEAK = YES;
				CLANG_WARN_BLOCK_CAPTURE_AUTORELEASING = YES;
				CLANG_WARN_BOOL_CONVERSION = YES;
				CLANG_WARN_COMMA = YES;
				CLANG_WARN_CONSTANT_CONVERSION = YES;
				CLANG_WARN_DEPRECATED_OBJC_IMPLEMENTATIONS = YES;
				CLANG_WARN_DIRECT_OBJC_ISA_USAGE = YES_ERROR;
				CLANG_WARN_DOCUMENTATION_COMMENTS = YES;
				CLANG_WARN_EMPTY_BODY = YES;
				CLANG_WARN_ENUM_CONVERSION = YES;
				CLANG_WARN_INFINITE_RECURSION = YES;
				CLANG_WARN_INT_CONVERSION = YES;
				CLANG_WARN_NON_LITERAL_NULL_CONVERSION = YES;
				CLANG_WARN_OBJC_IMPLICIT_RETAIN_SELF = YES;
				CLANG_WARN_OBJC_LITERAL_CONVERSION = YES;
				CLANG_WARN_OBJC_ROOT_CLASS = YES_ERROR;
				CLANG_WARN_QUOTED_INCLUDE_IN_FRAMEWORK_HEADER = YES;
				CLANG_WARN_RANGE_LOOP_ANALYSIS = YES;
				CLANG_WARN_STRICT_PROTOTYPES = YES;
				CLANG_WARN_SUSPICIOUS_MOVE = YES;
				CLANG_WARN_UNGUARDED_AVAILABILITY = YES_AGGRESSIVE;
				CLANG_WARN_UNREACHABLE_CODE = YES;
				CLANG_WARN__DUPLICATE_METHOD_MATCH = YES;
				COPY_PHASE_STRIP = NO;
				DEBUG_INFORMATION_FORMAT = dwarf;
				ENABLE_STRICT_OBJC_MSGSEND = YES;
				ENABLE_TESTABILITY = YES;
				GCC_C_LANGUAGE_STANDARD = gnu11;
				GCC_DYNAMIC_NO_PIC = NO;
				GCC_NO_COMMON_BLOCKS = YES;
				GCC_OPTIMIZATION_LEVEL = 0;
				GCC_PREPROCESSOR_DEFINITIONS = (
					"DEBUG=1",
					"$(inherited)",
				);
				GCC_WARN_64_TO_32_BIT_CONVERSION = YES;
				GCC_WARN_ABOUT_RETURN_TYPE = YES_ERROR;
				GCC_WARN_UNDECLARED_SELECTOR = YES;
				GCC_WARN_UNINITIALIZED_AUTOS = YES_AGGRESSIVE;
				GCC_WARN_UNUSED_FUNCTION = YES;
				GCC_WARN_UNUSED_VARIABLE = YES;
				IPHONEOS_DEPLOYMENT_TARGET = 15.5;
				MTL_ENABLE_DEBUG_INFO = INCLUDE_SOURCE;
				MTL_FAST_MATH = YES;
				ONLY_ACTIVE_ARCH = YES;
				SDKROOT = iphoneos;
				SWIFT_ACTIVE_COMPILATION_CONDITIONS = DEBUG;
				SWIFT_OPTIMIZATION_LEVEL = "-Onone";
			};
			name = Debug;
		};
		6A84DA5328B89D0E005F6D88 /* Release */ = {
			isa = XCBuildConfiguration;
			buildSettings = {
				ALWAYS_SEARCH_USER_PATHS = NO;
				CLANG_ANALYZER_NONNULL = YES;
				CLANG_ANALYZER_NUMBER_OBJECT_CONVERSION = YES_AGGRESSIVE;
				CLANG_CXX_LANGUAGE_STANDARD = "gnu++17";
				CLANG_ENABLE_MODULES = YES;
				CLANG_ENABLE_OBJC_ARC = YES;
				CLANG_ENABLE_OBJC_WEAK = YES;
				CLANG_WARN_BLOCK_CAPTURE_AUTORELEASING = YES;
				CLANG_WARN_BOOL_CONVERSION = YES;
				CLANG_WARN_COMMA = YES;
				CLANG_WARN_CONSTANT_CONVERSION = YES;
				CLANG_WARN_DEPRECATED_OBJC_IMPLEMENTATIONS = YES;
				CLANG_WARN_DIRECT_OBJC_ISA_USAGE = YES_ERROR;
				CLANG_WARN_DOCUMENTATION_COMMENTS = YES;
				CLANG_WARN_EMPTY_BODY = YES;
				CLANG_WARN_ENUM_CONVERSION = YES;
				CLANG_WARN_INFINITE_RECURSION = YES;
				CLANG_WARN_INT_CONVERSION = YES;
				CLANG_WARN_NON_LITERAL_NULL_CONVERSION = YES;
				CLANG_WARN_OBJC_IMPLICIT_RETAIN_SELF = YES;
				CLANG_WARN_OBJC_LITERAL_CONVERSION = YES;
				CLANG_WARN_OBJC_ROOT_CLASS = YES_ERROR;
				CLANG_WARN_QUOTED_INCLUDE_IN_FRAMEWORK_HEADER = YES;
				CLANG_WARN_RANGE_LOOP_ANALYSIS = YES;
				CLANG_WARN_STRICT_PROTOTYPES = YES;
				CLANG_WARN_SUSPICIOUS_MOVE = YES;
				CLANG_WARN_UNGUARDED_AVAILABILITY = YES_AGGRESSIVE;
				CLANG_WARN_UNREACHABLE_CODE = YES;
				CLANG_WARN__DUPLICATE_METHOD_MATCH = YES;
				COPY_PHASE_STRIP = NO;
				DEBUG_INFORMATION_FORMAT = "dwarf-with-dsym";
				ENABLE_NS_ASSERTIONS = NO;
				ENABLE_STRICT_OBJC_MSGSEND = YES;
				GCC_C_LANGUAGE_STANDARD = gnu11;
				GCC_NO_COMMON_BLOCKS = YES;
				GCC_WARN_64_TO_32_BIT_CONVERSION = YES;
				GCC_WARN_ABOUT_RETURN_TYPE = YES_ERROR;
				GCC_WARN_UNDECLARED_SELECTOR = YES;
				GCC_WARN_UNINITIALIZED_AUTOS = YES_AGGRESSIVE;
				GCC_WARN_UNUSED_FUNCTION = YES;
				GCC_WARN_UNUSED_VARIABLE = YES;
				IPHONEOS_DEPLOYMENT_TARGET = 15.5;
				MTL_ENABLE_DEBUG_INFO = NO;
				MTL_FAST_MATH = YES;
				SDKROOT = iphoneos;
				SWIFT_COMPILATION_MODE = wholemodule;
				SWIFT_OPTIMIZATION_LEVEL = "-O";
				VALIDATE_PRODUCT = YES;
			};
			name = Release;
		};
		6A84DA5528B89D0E005F6D88 /* Debug */ = {
			isa = XCBuildConfiguration;
			buildSettings = {
				ASSETCATALOG_COMPILER_APPICON_NAME = AppIcon;
				ASSETCATALOG_COMPILER_GLOBAL_ACCENT_COLOR_NAME = AccentColor;
				CODE_SIGN_STYLE = Automatic;
				CURRENT_PROJECT_VERSION = 1;
				GENERATE_INFOPLIST_FILE = YES;
				INFOPLIST_FILE = "Soosh App/Info.plist";
				INFOPLIST_KEY_UIApplicationSupportsIndirectInputEvents = YES;
				INFOPLIST_KEY_UILaunchStoryboardName = LaunchScreen;
				INFOPLIST_KEY_UIMainStoryboardFile = Main;
				INFOPLIST_KEY_UISupportedInterfaceOrientations_iPad = "UIInterfaceOrientationPortrait UIInterfaceOrientationPortraitUpsideDown UIInterfaceOrientationLandscapeLeft UIInterfaceOrientationLandscapeRight";
				INFOPLIST_KEY_UISupportedInterfaceOrientations_iPhone = "UIInterfaceOrientationPortrait UIInterfaceOrientationLandscapeLeft UIInterfaceOrientationLandscapeRight";
				LD_RUNPATH_SEARCH_PATHS = (
					"$(inherited)",
					"@executable_path/Frameworks",
				);
				MARKETING_VERSION = 1.0;
				PRODUCT_BUNDLE_IDENTIFIER = "demo.Soosh-App";
				PRODUCT_NAME = "$(TARGET_NAME)";
				SWIFT_EMIT_LOC_STRINGS = YES;
				SWIFT_VERSION = 5.0;
				TARGETED_DEVICE_FAMILY = "1,2";
			};
			name = Debug;
		};
		6A84DA5628B89D0E005F6D88 /* Release */ = {
			isa = XCBuildConfiguration;
			buildSettings = {
				ASSETCATALOG_COMPILER_APPICON_NAME = AppIcon;
				ASSETCATALOG_COMPILER_GLOBAL_ACCENT_COLOR_NAME = AccentColor;
				CODE_SIGN_STYLE = Automatic;
				CURRENT_PROJECT_VERSION = 1;
				GENERATE_INFOPLIST_FILE = YES;
				INFOPLIST_FILE = "Soosh App/Info.plist";
				INFOPLIST_KEY_UIApplicationSupportsIndirectInputEvents = YES;
				INFOPLIST_KEY_UILaunchStoryboardName = LaunchScreen;
				INFOPLIST_KEY_UIMainStoryboardFile = Main;
				INFOPLIST_KEY_UISupportedInterfaceOrientations_iPad = "UIInterfaceOrientationPortrait UIInterfaceOrientationPortraitUpsideDown UIInterfaceOrientationLandscapeLeft UIInterfaceOrientationLandscapeRight";
				INFOPLIST_KEY_UISupportedInterfaceOrientations_iPhone = "UIInterfaceOrientationPortrait UIInterfaceOrientationLandscapeLeft UIInterfaceOrientationLandscapeRight";
				LD_RUNPATH_SEARCH_PATHS = (
					"$(inherited)",
					"@executable_path/Frameworks",
				);
				MARKETING_VERSION = 1.0;
				PRODUCT_BUNDLE_IDENTIFIER = "demo.Soosh-App";
				PRODUCT_NAME = "$(TARGET_NAME)";
				SWIFT_EMIT_LOC_STRINGS = YES;
				SWIFT_VERSION = 5.0;
				TARGETED_DEVICE_FAMILY = "1,2";
			};
			name = Release;
		};
		6A84DA5828B89D0E005F6D88 /* Debug */ = {
			isa = XCBuildConfiguration;
			buildSettings = {
				ALWAYS_EMBED_SWIFT_STANDARD_LIBRARIES = YES;
				BUNDLE_LOADER = "$(TEST_HOST)";
				CODE_SIGN_STYLE = Automatic;
				CURRENT_PROJECT_VERSION = 1;
				GENERATE_INFOPLIST_FILE = YES;
				IPHONEOS_DEPLOYMENT_TARGET = 15.5;
				MARKETING_VERSION = 1.0;
				PRODUCT_BUNDLE_IDENTIFIER = "demo.Soosh-AppTests";
				PRODUCT_NAME = "$(TARGET_NAME)";
				SWIFT_EMIT_LOC_STRINGS = NO;
				SWIFT_VERSION = 5.0;
				TARGETED_DEVICE_FAMILY = "1,2";
				TEST_HOST = "$(BUILT_PRODUCTS_DIR)/Soosh App.app/Soosh App";
			};
			name = Debug;
		};
		6A84DA5928B89D0E005F6D88 /* Release */ = {
			isa = XCBuildConfiguration;
			buildSettings = {
				ALWAYS_EMBED_SWIFT_STANDARD_LIBRARIES = YES;
				BUNDLE_LOADER = "$(TEST_HOST)";
				CODE_SIGN_STYLE = Automatic;
				CURRENT_PROJECT_VERSION = 1;
				GENERATE_INFOPLIST_FILE = YES;
				IPHONEOS_DEPLOYMENT_TARGET = 15.5;
				MARKETING_VERSION = 1.0;
				PRODUCT_BUNDLE_IDENTIFIER = "demo.Soosh-AppTests";
				PRODUCT_NAME = "$(TARGET_NAME)";
				SWIFT_EMIT_LOC_STRINGS = NO;
				SWIFT_VERSION = 5.0;
				TARGETED_DEVICE_FAMILY = "1,2";
				TEST_HOST = "$(BUILT_PRODUCTS_DIR)/Soosh App.app/Soosh App";
			};
			name = Release;
		};
		6A84DA5B28B89D0E005F6D88 /* Debug */ = {
			isa = XCBuildConfiguration;
			buildSettings = {
				ALWAYS_EMBED_SWIFT_STANDARD_LIBRARIES = YES;
				CODE_SIGN_STYLE = Automatic;
				CURRENT_PROJECT_VERSION = 1;
				GENERATE_INFOPLIST_FILE = YES;
				MARKETING_VERSION = 1.0;
				PRODUCT_BUNDLE_IDENTIFIER = "demo.Soosh-AppUITests";
				PRODUCT_NAME = "$(TARGET_NAME)";
				SWIFT_EMIT_LOC_STRINGS = NO;
				SWIFT_VERSION = 5.0;
				TARGETED_DEVICE_FAMILY = "1,2";
				TEST_TARGET_NAME = "Soosh App";
			};
			name = Debug;
		};
		6A84DA5C28B89D0E005F6D88 /* Release */ = {
			isa = XCBuildConfiguration;
			buildSettings = {
				ALWAYS_EMBED_SWIFT_STANDARD_LIBRARIES = YES;
				CODE_SIGN_STYLE = Automatic;
				CURRENT_PROJECT_VERSION = 1;
				GENERATE_INFOPLIST_FILE = YES;
				MARKETING_VERSION = 1.0;
				PRODUCT_BUNDLE_IDENTIFIER = "demo.Soosh-AppUITests";
				PRODUCT_NAME = "$(TARGET_NAME)";
				SWIFT_EMIT_LOC_STRINGS = NO;
				SWIFT_VERSION = 5.0;
				TARGETED_DEVICE_FAMILY = "1,2";
				TEST_TARGET_NAME = "Soosh App";
			};
			name = Release;
		};
/* End XCBuildConfiguration section */

/* Begin XCConfigurationList section */
		6A84DA2528B89D0D005F6D88 /* Build configuration list for PBXProject "Soosh App" */ = {
			isa = XCConfigurationList;
			buildConfigurations = (
				6A84DA5228B89D0E005F6D88 /* Debug */,
				6A84DA5328B89D0E005F6D88 /* Release */,
			);
			defaultConfigurationIsVisible = 0;
			defaultConfigurationName = Release;
		};
		6A84DA5428B89D0E005F6D88 /* Build configuration list for PBXNativeTarget "Soosh App" */ = {
			isa = XCConfigurationList;
			buildConfigurations = (
				6A84DA5528B89D0E005F6D88 /* Debug */,
				6A84DA5628B89D0E005F6D88 /* Release */,
			);
			defaultConfigurationIsVisible = 0;
			defaultConfigurationName = Release;
		};
		6A84DA5728B89D0E005F6D88 /* Build configuration list for PBXNativeTarget "Soosh AppTests" */ = {
			isa = XCConfigurationList;
			buildConfigurations = (
				6A84DA5828B89D0E005F6D88 /* Debug */,
				6A84DA5928B89D0E005F6D88 /* Release */,
			);
			defaultConfigurationIsVisible = 0;
			defaultConfigurationName = Release;
		};
		6A84DA5A28B89D0E005F6D88 /* Build configuration list for PBXNativeTarget "Soosh AppUITests" */ = {
			isa = XCConfigurationList;
			buildConfigurations = (
				6A84DA5B28B89D0E005F6D88 /* Debug */,
				6A84DA5C28B89D0E005F6D88 /* Release */,
			);
			defaultConfigurationIsVisible = 0;
			defaultConfigurationName = Release;
		};
/* End XCConfigurationList section */
	};
	rootObject = 6A84DA2228B89D0D005F6D88 /* Project object */;
}
